// !$*UTF8*$!
{
	archiveVersion = 1;
	classes = {
	};
	objectVersion = 52;
	objects = {

/* Begin PBXBuildFile section */
		35A4A8E82638E2A40081329E /* Me4lApp.swift in Sources */ = {isa = PBXBuildFile; fileRef = 35A4A8E72638E2A40081329E /* Me4lApp.swift */; };
		35A4A8EA2638E2A40081329E /* HomeView.swift in Sources */ = {isa = PBXBuildFile; fileRef = 35A4A8E92638E2A40081329E /* HomeView.swift */; };
		35A4A8EC2638E2A50081329E /* Assets.xcassets in Resources */ = {isa = PBXBuildFile; fileRef = 35A4A8EB2638E2A50081329E /* Assets.xcassets */; };
		35A4A8EF2638E2A50081329E /* Preview Assets.xcassets in Resources */ = {isa = PBXBuildFile; fileRef = 35A4A8EE2638E2A50081329E /* Preview Assets.xcassets */; };
		35A4A8F12638E2A50081329E /* Persistence.swift in Sources */ = {isa = PBXBuildFile; fileRef = 35A4A8F02638E2A50081329E /* Persistence.swift */; };
		35A4A8FF2638E60C0081329E /* Meal.swift in Sources */ = {isa = PBXBuildFile; fileRef = 35A4A8FE2638E60C0081329E /* Meal.swift */; };
		35A4A9082638F0970081329E /* URLImage in Frameworks */ = {isa = PBXBuildFile; productRef = 35A4A9072638F0970081329E /* URLImage */; };
		35A4A90E263900AD0081329E /* SearchBar.swift in Sources */ = {isa = PBXBuildFile; fileRef = 35A4A90D263900AD0081329E /* SearchBar.swift */; };
		35A4A916263904A20081329E /* MealsRepository.swift in Sources */ = {isa = PBXBuildFile; fileRef = 35A4A915263904A20081329E /* MealsRepository.swift */; };
		35A4A919263905010081329E /* MockMealsRepository.swift in Sources */ = {isa = PBXBuildFile; fileRef = 35A4A918263905010081329E /* MockMealsRepository.swift */; };
		35A4A92426391DEF0081329E /* MealView.swift in Sources */ = {isa = PBXBuildFile; fileRef = 35A4A92326391DEF0081329E /* MealView.swift */; };
		35A4A9282639241D0081329E /* APIMealsRepository.swift in Sources */ = {isa = PBXBuildFile; fileRef = 35A4A9272639241D0081329E /* APIMealsRepository.swift */; };
		35A4A92B263924EE0081329E /* APIMeal.swift in Sources */ = {isa = PBXBuildFile; fileRef = 35A4A92A263924EE0081329E /* APIMeal.swift */; };
		35A4A92F2639270B0081329E /* APIMeals.swift in Sources */ = {isa = PBXBuildFile; fileRef = 35A4A92E2639270B0081329E /* APIMeals.swift */; };
		35A4A93626392B440081329E /* HomeViewModel.swift in Sources */ = {isa = PBXBuildFile; fileRef = 35A4A93526392B440081329E /* HomeViewModel.swift */; };
		35A4A94326392DDB0081329E /* MealItemView.swift in Sources */ = {isa = PBXBuildFile; fileRef = 35A4A94226392DDB0081329E /* MealItemView.swift */; };
/* End PBXBuildFile section */

/* Begin PBXFileReference section */
		35A4A8E42638E2A40081329E /* Me4l.app */ = {isa = PBXFileReference; explicitFileType = wrapper.application; includeInIndex = 0; path = Me4l.app; sourceTree = BUILT_PRODUCTS_DIR; };
		35A4A8E72638E2A40081329E /* Me4lApp.swift */ = {isa = PBXFileReference; lastKnownFileType = sourcecode.swift; path = Me4lApp.swift; sourceTree = "<group>"; };
		35A4A8E92638E2A40081329E /* HomeView.swift */ = {isa = PBXFileReference; lastKnownFileType = sourcecode.swift; path = HomeView.swift; sourceTree = "<group>"; };
		35A4A8EB2638E2A50081329E /* Assets.xcassets */ = {isa = PBXFileReference; lastKnownFileType = folder.assetcatalog; path = Assets.xcassets; sourceTree = "<group>"; };
		35A4A8EE2638E2A50081329E /* Preview Assets.xcassets */ = {isa = PBXFileReference; lastKnownFileType = folder.assetcatalog; path = "Preview Assets.xcassets"; sourceTree = "<group>"; };
		35A4A8F02638E2A50081329E /* Persistence.swift */ = {isa = PBXFileReference; lastKnownFileType = sourcecode.swift; path = Persistence.swift; sourceTree = "<group>"; };
		35A4A8F52638E2A50081329E /* Info.plist */ = {isa = PBXFileReference; lastKnownFileType = text.plist.xml; path = Info.plist; sourceTree = "<group>"; };
		35A4A8FE2638E60C0081329E /* Meal.swift */ = {isa = PBXFileReference; lastKnownFileType = sourcecode.swift; path = Meal.swift; sourceTree = "<group>"; };
		35A4A90D263900AD0081329E /* SearchBar.swift */ = {isa = PBXFileReference; lastKnownFileType = sourcecode.swift; path = SearchBar.swift; sourceTree = "<group>"; };
		35A4A915263904A20081329E /* MealsRepository.swift */ = {isa = PBXFileReference; lastKnownFileType = sourcecode.swift; path = MealsRepository.swift; sourceTree = "<group>"; };
		35A4A918263905010081329E /* MockMealsRepository.swift */ = {isa = PBXFileReference; lastKnownFileType = sourcecode.swift; path = MockMealsRepository.swift; sourceTree = "<group>"; };
		35A4A92326391DEF0081329E /* MealView.swift */ = {isa = PBXFileReference; lastKnownFileType = sourcecode.swift; path = MealView.swift; sourceTree = "<group>"; };
		35A4A9272639241D0081329E /* APIMealsRepository.swift */ = {isa = PBXFileReference; lastKnownFileType = sourcecode.swift; path = APIMealsRepository.swift; sourceTree = "<group>"; };
		35A4A92A263924EE0081329E /* APIMeal.swift */ = {isa = PBXFileReference; lastKnownFileType = sourcecode.swift; path = APIMeal.swift; sourceTree = "<group>"; };
		35A4A92E2639270B0081329E /* APIMeals.swift */ = {isa = PBXFileReference; lastKnownFileType = sourcecode.swift; path = APIMeals.swift; sourceTree = "<group>"; };
		35A4A93526392B440081329E /* HomeViewModel.swift */ = {isa = PBXFileReference; lastKnownFileType = sourcecode.swift; path = HomeViewModel.swift; sourceTree = "<group>"; };
		35A4A94226392DDB0081329E /* MealItemView.swift */ = {isa = PBXFileReference; lastKnownFileType = sourcecode.swift; path = MealItemView.swift; sourceTree = "<group>"; };
/* End PBXFileReference section */

/* Begin PBXFrameworksBuildPhase section */
		35A4A8E12638E2A40081329E /* Frameworks */ = {
			isa = PBXFrameworksBuildPhase;
			buildActionMask = 2147483647;
			files = (
				35A4A9082638F0970081329E /* URLImage in Frameworks */,
			);
			runOnlyForDeploymentPostprocessing = 0;
		};
/* End PBXFrameworksBuildPhase section */

/* Begin PBXGroup section */
		35A4A8DB2638E2A40081329E = {
			isa = PBXGroup;
			children = (
				35A4A8E62638E2A40081329E /* Me4l */,
				35A4A8E52638E2A40081329E /* Products */,
			);
			sourceTree = "<group>";
		};
		35A4A8E52638E2A40081329E /* Products */ = {
			isa = PBXGroup;
			children = (
				35A4A8E42638E2A40081329E /* Me4l.app */,
			);
			name = Products;
			sourceTree = "<group>";
		};
		35A4A8E62638E2A40081329E /* Me4l */ = {
			isa = PBXGroup;
			children = (
				35A4A9112639041A0081329E /* Data */,
				35A4A9042638EDCD0081329E /* Presentation */,
				35A4A8FD2638E5FB0081329E /* Domain */,
				35A4A8E72638E2A40081329E /* Me4lApp.swift */,
				35A4A8EB2638E2A50081329E /* Assets.xcassets */,
				35A4A8F02638E2A50081329E /* Persistence.swift */,
				35A4A8F52638E2A50081329E /* Info.plist */,
				35A4A8ED2638E2A50081329E /* Preview Content */,
			);
			path = Me4l;
			sourceTree = "<group>";
		};
		35A4A8ED2638E2A50081329E /* Preview Content */ = {
			isa = PBXGroup;
			children = (
				35A4A8EE2638E2A50081329E /* Preview Assets.xcassets */,
			);
			path = "Preview Content";
			sourceTree = "<group>";
		};
		35A4A8FD2638E5FB0081329E /* Domain */ = {
			isa = PBXGroup;
			children = (
				35A4A9022638E6100081329E /* Models */,
			);
			path = Domain;
			sourceTree = "<group>";
		};
		35A4A9022638E6100081329E /* Models */ = {
			isa = PBXGroup;
			children = (
				35A4A8FE2638E60C0081329E /* Meal.swift */,
			);
			path = Models;
			sourceTree = "<group>";
		};
		35A4A9042638EDCD0081329E /* Presentation */ = {
			isa = PBXGroup;
			children = (
				35A4A90C2639009E0081329E /* Components */,
				35A4A90A2638F1240081329E /* Scenes */,
			);
			path = Presentation;
			sourceTree = "<group>";
		};
		35A4A90A2638F1240081329E /* Scenes */ = {
			isa = PBXGroup;
			children = (
				35A4A93A26392B4D0081329E /* Meal */,
				35A4A93326392B2D0081329E /* Home */,
			);
			path = Scenes;
			sourceTree = "<group>";
		};
		35A4A90C2639009E0081329E /* Components */ = {
			isa = PBXGroup;
			children = (
				35A4A94526392E300081329E /* SearchBar */,
				35A4A93C26392DB10081329E /* MealItem */,
			);
			path = Components;
			sourceTree = "<group>";
		};
		35A4A9112639041A0081329E /* Data */ = {
			isa = PBXGroup;
			children = (
				35A4A92D263924F50081329E /* Models */,
				35A4A913263904350081329E /* Repositories */,
			);
			path = Data;
			sourceTree = "<group>";
		};
		35A4A913263904350081329E /* Repositories */ = {
			isa = PBXGroup;
			children = (
				35A4A915263904A20081329E /* MealsRepository.swift */,
				35A4A918263905010081329E /* MockMealsRepository.swift */,
				35A4A9272639241D0081329E /* APIMealsRepository.swift */,
			);
			path = Repositories;
			sourceTree = "<group>";
		};
		35A4A92D263924F50081329E /* Models */ = {
			isa = PBXGroup;
			children = (
				35A4A92A263924EE0081329E /* APIMeal.swift */,
				35A4A92E2639270B0081329E /* APIMeals.swift */,
			);
			path = Models;
			sourceTree = "<group>";
		};
		35A4A93326392B2D0081329E /* Home */ = {
			isa = PBXGroup;
			children = (
				35A4A8E92638E2A40081329E /* HomeView.swift */,
				35A4A93526392B440081329E /* HomeViewModel.swift */,
			);
			path = Home;
			sourceTree = "<group>";
		};
		35A4A93A26392B4D0081329E /* Meal */ = {
			isa = PBXGroup;
			children = (
				35A4A92326391DEF0081329E /* MealView.swift */,
			);
			path = Meal;
			sourceTree = "<group>";
		};
		35A4A93C26392DB10081329E /* MealItem */ = {
			isa = PBXGroup;
			children = (
				35A4A94226392DDB0081329E /* MealItemView.swift */,
			);
			path = MealItem;
			sourceTree = "<group>";
		};
		35A4A94526392E300081329E /* SearchBar */ = {
			isa = PBXGroup;
			children = (
				35A4A90D263900AD0081329E /* SearchBar.swift */,
			);
			path = SearchBar;
			sourceTree = "<group>";
		};
/* End PBXGroup section */

/* Begin PBXNativeTarget section */
		35A4A8E32638E2A40081329E /* Me4l */ = {
			isa = PBXNativeTarget;
			buildConfigurationList = 35A4A8F82638E2A50081329E /* Build configuration list for PBXNativeTarget "Me4l" */;
			buildPhases = (
				35A4A8E02638E2A40081329E /* Sources */,
				35A4A8E12638E2A40081329E /* Frameworks */,
				35A4A8E22638E2A40081329E /* Resources */,
			);
			buildRules = (
			);
			dependencies = (
			);
			name = Me4l;
			packageProductDependencies = (
				35A4A9072638F0970081329E /* URLImage */,
			);
			productName = Me4l;
			productReference = 35A4A8E42638E2A40081329E /* Me4l.app */;
			productType = "com.apple.product-type.application";
		};
/* End PBXNativeTarget section */

/* Begin PBXProject section */
		35A4A8DC2638E2A40081329E /* Project object */ = {
			isa = PBXProject;
			attributes = {
				LastSwiftUpdateCheck = 1240;
				LastUpgradeCheck = 1240;
				TargetAttributes = {
					35A4A8E32638E2A40081329E = {
						CreatedOnToolsVersion = 12.4;
					};
				};
			};
			buildConfigurationList = 35A4A8DF2638E2A40081329E /* Build configuration list for PBXProject "Me4l" */;
			compatibilityVersion = "Xcode 9.3";
			developmentRegion = en;
			hasScannedForEncodings = 0;
			knownRegions = (
				en,
				Base,
			);
			mainGroup = 35A4A8DB2638E2A40081329E;
			packageReferences = (
				35A4A9062638F0970081329E /* XCRemoteSwiftPackageReference "url-image" */,
			);
			productRefGroup = 35A4A8E52638E2A40081329E /* Products */;
			projectDirPath = "";
			projectRoot = "";
			targets = (
				35A4A8E32638E2A40081329E /* Me4l */,
			);
		};
/* End PBXProject section */

/* Begin PBXResourcesBuildPhase section */
		35A4A8E22638E2A40081329E /* Resources */ = {
			isa = PBXResourcesBuildPhase;
			buildActionMask = 2147483647;
			files = (
				35A4A8EF2638E2A50081329E /* Preview Assets.xcassets in Resources */,
				35A4A8EC2638E2A50081329E /* Assets.xcassets in Resources */,
			);
			runOnlyForDeploymentPostprocessing = 0;
		};
/* End PBXResourcesBuildPhase section */

/* Begin PBXSourcesBuildPhase section */
		35A4A8E02638E2A40081329E /* Sources */ = {
			isa = PBXSourcesBuildPhase;
			buildActionMask = 2147483647;
			files = (
				35A4A919263905010081329E /* MockMealsRepository.swift in Sources */,
				35A4A94326392DDB0081329E /* MealItemView.swift in Sources */,
				35A4A8FF2638E60C0081329E /* Meal.swift in Sources */,
				35A4A8F12638E2A50081329E /* Persistence.swift in Sources */,
				35A4A92B263924EE0081329E /* APIMeal.swift in Sources */,
				35A4A92426391DEF0081329E /* MealView.swift in Sources */,
				35A4A90E263900AD0081329E /* SearchBar.swift in Sources */,
				35A4A92F2639270B0081329E /* APIMeals.swift in Sources */,
				35A4A93626392B440081329E /* HomeViewModel.swift in Sources */,
				35A4A9282639241D0081329E /* APIMealsRepository.swift in Sources */,
				35A4A8EA2638E2A40081329E /* HomeView.swift in Sources */,
				35A4A916263904A20081329E /* MealsRepository.swift in Sources */,
				35A4A8E82638E2A40081329E /* Me4lApp.swift in Sources */,
			);
			runOnlyForDeploymentPostprocessing = 0;
		};
/* End PBXSourcesBuildPhase section */

/* Begin XCBuildConfiguration section */
		35A4A8F62638E2A50081329E /* Debug */ = {
			isa = XCBuildConfiguration;
			buildSettings = {
				ALWAYS_SEARCH_USER_PATHS = NO;
				CLANG_ANALYZER_NONNULL = YES;
				CLANG_ANALYZER_NUMBER_OBJECT_CONVERSION = YES_AGGRESSIVE;
				CLANG_CXX_LANGUAGE_STANDARD = "gnu++14";
				CLANG_CXX_LIBRARY = "libc++";
				CLANG_ENABLE_MODULES = YES;
				CLANG_ENABLE_OBJC_ARC = YES;
				CLANG_ENABLE_OBJC_WEAK = YES;
				CLANG_WARN_BLOCK_CAPTURE_AUTORELEASING = YES;
				CLANG_WARN_BOOL_CONVERSION = YES;
				CLANG_WARN_COMMA = YES;
				CLANG_WARN_CONSTANT_CONVERSION = YES;
				CLANG_WARN_DEPRECATED_OBJC_IMPLEMENTATIONS = YES;
				CLANG_WARN_DIRECT_OBJC_ISA_USAGE = YES_ERROR;
				CLANG_WARN_DOCUMENTATION_COMMENTS = YES;
				CLANG_WARN_EMPTY_BODY = YES;
				CLANG_WARN_ENUM_CONVERSION = YES;
				CLANG_WARN_INFINITE_RECURSION = YES;
				CLANG_WARN_INT_CONVERSION = YES;
				CLANG_WARN_NON_LITERAL_NULL_CONVERSION = YES;
				CLANG_WARN_OBJC_IMPLICIT_RETAIN_SELF = YES;
				CLANG_WARN_OBJC_LITERAL_CONVERSION = YES;
				CLANG_WARN_OBJC_ROOT_CLASS = YES_ERROR;
				CLANG_WARN_QUOTED_INCLUDE_IN_FRAMEWORK_HEADER = YES;
				CLANG_WARN_RANGE_LOOP_ANALYSIS = YES;
				CLANG_WARN_STRICT_PROTOTYPES = YES;
				CLANG_WARN_SUSPICIOUS_MOVE = YES;
				CLANG_WARN_UNGUARDED_AVAILABILITY = YES_AGGRESSIVE;
				CLANG_WARN_UNREACHABLE_CODE = YES;
				CLANG_WARN__DUPLICATE_METHOD_MATCH = YES;
				COPY_PHASE_STRIP = NO;
				DEBUG_INFORMATION_FORMAT = dwarf;
				ENABLE_STRICT_OBJC_MSGSEND = YES;
				ENABLE_TESTABILITY = YES;
				GCC_C_LANGUAGE_STANDARD = gnu11;
				GCC_DYNAMIC_NO_PIC = NO;
				GCC_NO_COMMON_BLOCKS = YES;
				GCC_OPTIMIZATION_LEVEL = 0;
				GCC_PREPROCESSOR_DEFINITIONS = (
					"DEBUG=1",
					"$(inherited)",
				);
				GCC_WARN_64_TO_32_BIT_CONVERSION = YES;
				GCC_WARN_ABOUT_RETURN_TYPE = YES_ERROR;
				GCC_WARN_UNDECLARED_SELECTOR = YES;
				GCC_WARN_UNINITIALIZED_AUTOS = YES_AGGRESSIVE;
				GCC_WARN_UNUSED_FUNCTION = YES;
				GCC_WARN_UNUSED_VARIABLE = YES;
				IPHONEOS_DEPLOYMENT_TARGET = 14.4;
				MTL_ENABLE_DEBUG_INFO = INCLUDE_SOURCE;
				MTL_FAST_MATH = YES;
				ONLY_ACTIVE_ARCH = YES;
				SDKROOT = iphoneos;
				SWIFT_ACTIVE_COMPILATION_CONDITIONS = DEBUG;
				SWIFT_OPTIMIZATION_LEVEL = "-Onone";
			};
			name = Debug;
		};
		35A4A8F72638E2A50081329E /* Release */ = {
			isa = XCBuildConfiguration;
			buildSettings = {
				ALWAYS_SEARCH_USER_PATHS = NO;
				CLANG_ANALYZER_NONNULL = YES;
				CLANG_ANALYZER_NUMBER_OBJECT_CONVERSION = YES_AGGRESSIVE;
				CLANG_CXX_LANGUAGE_STANDARD = "gnu++14";
				CLANG_CXX_LIBRARY = "libc++";
				CLANG_ENABLE_MODULES = YES;
				CLANG_ENABLE_OBJC_ARC = YES;
				CLANG_ENABLE_OBJC_WEAK = YES;
				CLANG_WARN_BLOCK_CAPTURE_AUTORELEASING = YES;
				CLANG_WARN_BOOL_CONVERSION = YES;
				CLANG_WARN_COMMA = YES;
				CLANG_WARN_CONSTANT_CONVERSION = YES;
				CLANG_WARN_DEPRECATED_OBJC_IMPLEMENTATIONS = YES;
				CLANG_WARN_DIRECT_OBJC_ISA_USAGE = YES_ERROR;
				CLANG_WARN_DOCUMENTATION_COMMENTS = YES;
				CLANG_WARN_EMPTY_BODY = YES;
				CLANG_WARN_ENUM_CONVERSION = YES;
				CLANG_WARN_INFINITE_RECURSION = YES;
				CLANG_WARN_INT_CONVERSION = YES;
				CLANG_WARN_NON_LITERAL_NULL_CONVERSION = YES;
				CLANG_WARN_OBJC_IMPLICIT_RETAIN_SELF = YES;
				CLANG_WARN_OBJC_LITERAL_CONVERSION = YES;
				CLANG_WARN_OBJC_ROOT_CLASS = YES_ERROR;
				CLANG_WARN_QUOTED_INCLUDE_IN_FRAMEWORK_HEADER = YES;
				CLANG_WARN_RANGE_LOOP_ANALYSIS = YES;
				CLANG_WARN_STRICT_PROTOTYPES = YES;
				CLANG_WARN_SUSPICIOUS_MOVE = YES;
				CLANG_WARN_UNGUARDED_AVAILABILITY = YES_AGGRESSIVE;
				CLANG_WARN_UNREACHABLE_CODE = YES;
				CLANG_WARN__DUPLICATE_METHOD_MATCH = YES;
				COPY_PHASE_STRIP = NO;
				DEBUG_INFORMATION_FORMAT = "dwarf-with-dsym";
				ENABLE_NS_ASSERTIONS = NO;
				ENABLE_STRICT_OBJC_MSGSEND = YES;
				GCC_C_LANGUAGE_STANDARD = gnu11;
				GCC_NO_COMMON_BLOCKS = YES;
				GCC_WARN_64_TO_32_BIT_CONVERSION = YES;
				GCC_WARN_ABOUT_RETURN_TYPE = YES_ERROR;
				GCC_WARN_UNDECLARED_SELECTOR = YES;
				GCC_WARN_UNINITIALIZED_AUTOS = YES_AGGRESSIVE;
				GCC_WARN_UNUSED_FUNCTION = YES;
				GCC_WARN_UNUSED_VARIABLE = YES;
				IPHONEOS_DEPLOYMENT_TARGET = 14.4;
				MTL_ENABLE_DEBUG_INFO = NO;
				MTL_FAST_MATH = YES;
				SDKROOT = iphoneos;
				SWIFT_COMPILATION_MODE = wholemodule;
				SWIFT_OPTIMIZATION_LEVEL = "-O";
				VALIDATE_PRODUCT = YES;
			};
			name = Release;
		};
		35A4A8F92638E2A50081329E /* Debug */ = {
			isa = XCBuildConfiguration;
			buildSettings = {
				ASSETCATALOG_COMPILER_APPICON_NAME = AppIcon;
				ASSETCATALOG_COMPILER_GLOBAL_ACCENT_COLOR_NAME = AccentColor;
				CODE_SIGN_STYLE = Automatic;
				DEVELOPMENT_ASSET_PATHS = "\"Me4l/Preview Content\"";
				DEVELOPMENT_TEAM = SCF6DTLWM7;
				ENABLE_PREVIEWS = YES;
				INFOPLIST_FILE = Me4l/Info.plist;
				IPHONEOS_DEPLOYMENT_TARGET = 14.0;
				LD_RUNPATH_SEARCH_PATHS = (
					"$(inherited)",
					"@executable_path/Frameworks",
				);
				PRODUCT_BUNDLE_IDENTIFIER = com.vianaleonardo.Me4l;
				PRODUCT_NAME = "$(TARGET_NAME)";
				SWIFT_VERSION = 5.0;
				TARGETED_DEVICE_FAMILY = "1,2";
			};
			name = Debug;
		};
		35A4A8FA2638E2A50081329E /* Release */ = {
			isa = XCBuildConfiguration;
			buildSettings = {
				ASSETCATALOG_COMPILER_APPICON_NAME = AppIcon;
				ASSETCATALOG_COMPILER_GLOBAL_ACCENT_COLOR_NAME = AccentColor;
				CODE_SIGN_STYLE = Automatic;
				DEVELOPMENT_ASSET_PATHS = "\"Me4l/Preview Content\"";
				DEVELOPMENT_TEAM = SCF6DTLWM7;
				ENABLE_PREVIEWS = YES;
				INFOPLIST_FILE = Me4l/Info.plist;
				IPHONEOS_DEPLOYMENT_TARGET = 14.0;
				LD_RUNPATH_SEARCH_PATHS = (
					"$(inherited)",
					"@executable_path/Frameworks",
				);
				PRODUCT_BUNDLE_IDENTIFIER = com.vianaleonardo.Me4l;
				PRODUCT_NAME = "$(TARGET_NAME)";
				SWIFT_VERSION = 5.0;
				TARGETED_DEVICE_FAMILY = "1,2";
			};
			name = Release;
		};
/* End XCBuildConfiguration section */

/* Begin XCConfigurationList section */
		35A4A8DF2638E2A40081329E /* Build configuration list for PBXProject "Me4l" */ = {
			isa = XCConfigurationList;
			buildConfigurations = (
				35A4A8F62638E2A50081329E /* Debug */,
				35A4A8F72638E2A50081329E /* Release */,
			);
			defaultConfigurationIsVisible = 0;
			defaultConfigurationName = Release;
		};
		35A4A8F82638E2A50081329E /* Build configuration list for PBXNativeTarget "Me4l" */ = {
			isa = XCConfigurationList;
			buildConfigurations = (
				35A4A8F92638E2A50081329E /* Debug */,
				35A4A8FA2638E2A50081329E /* Release */,
			);
			defaultConfigurationIsVisible = 0;
			defaultConfigurationName = Release;
		};
/* End XCConfigurationList section */

/* Begin XCRemoteSwiftPackageReference section */
		35A4A9062638F0970081329E /* XCRemoteSwiftPackageReference "url-image" */ = {
			isa = XCRemoteSwiftPackageReference;
			repositoryURL = "https://github.com/dmytro-anokhin/url-image";
			requirement = {
				kind = upToNextMajorVersion;
				minimumVersion = 2.2.4;
			};
		};
/* End XCRemoteSwiftPackageReference section */

/* Begin XCSwiftPackageProductDependency section */
		35A4A9072638F0970081329E /* URLImage */ = {
			isa = XCSwiftPackageProductDependency;
			package = 35A4A9062638F0970081329E /* XCRemoteSwiftPackageReference "url-image" */;
			productName = URLImage;
		};
/* End XCSwiftPackageProductDependency section */
	};
	rootObject = 35A4A8DC2638E2A40081329E /* Project object */;
}
